
Microsoft Visual Studio Solution File, Format Version 12.00
# Visual Studio Version 17
VisualStudioVersion = 17.11.35208.52
MinimumVisualStudioVersion = 10.0.40219.1
Project("{FAE04EC0-301F-11D3-BF4B-00C04F79EFBC}") = "Dictobot", "Dictobot.csproj", "{B1ECC891-240F-42DB-A324-EF01A9939DDE}"
EndProject
Global
	GlobalSection(SolutionConfigurationPlatforms) = preSolution
		Debug|Any CPU = Debug|Any CPU
		Release|Any CPU = Release|Any CPU
	EndGlobalSection
	GlobalSection(ProjectConfigurationPlatforms) = postSolution
		{B1ECC891-240F-42DB-A324-EF01A9939DDE}.Debug|Any CPU.ActiveCfg = Debug|Any CPU
		{B1ECC891-240F-42DB-A324-EF01A9939DDE}.Debug|Any CPU.Build.0 = Debug|Any CPU
		{B1ECC891-240F-42DB-A324-EF01A9939DDE}.Release|Any CPU.ActiveCfg = Release|Any CPU
		{B1ECC891-240F-42DB-A324-EF01A9939DDE}.Release|Any CPU.Build.0 = Release|Any CPU
	EndGlobalSection
	GlobalSection(SolutionProperties) = preSolution
		HideSolutionNode = FALSE
	EndGlobalSection
	GlobalSection(ExtensibilityGlobals) = postSolution
		SolutionGuid = {CD0B683C-11BA-4D95-8A03-9CEFEE194ECF}
	EndGlobalSection
EndGlobal
